
Microsoft Visual Studio Solution File, Format Version 12.00
# Visual Studio Version 16
VisualStudioVersion = 16.0.28729.10
MinimumVisualStudioVersion = 10.0.40219.1
Project("{8BC9CEB8-8B4A-11D0-8D11-00A0C91BC942}") = "JIGAPServer", "JIGAPServer\JIGAPServer.vcxproj", "{9CF58C5C-A4D4-4F84-A8E1-8F92D9C8B29B}"
EndProject
Project("{8BC9CEB8-8B4A-11D0-8D11-00A0C91BC942}") = "JIGAPServerCLR", "JIGAPServerCLR\JIGAPServerCLR.vcxproj", "{7932ACA1-6962-4B2B-BC0D-03CACA24CC3A}"
EndProject
Project("{FAE04EC0-301F-11D3-BF4B-00C04F79EFBC}") = "JIGAPServerGUI", "JIGAPServerGUI\JIGAPServerGUI.csproj", "{5F030E8D-984A-4303-B7D4-F742DAEEA5CB}"
EndProject
Project("{8BC9CEB8-8B4A-11D0-8D11-00A0C91BC942}") = "JIGAPServerStartLib", "JIGAPServerStartLib\JIGAPServerStartLib.vcxproj", "{C76888B1-FBDD-493A-8D3B-7F27B99C3136}"
EndProject
Project("{2150E333-8FDC-42A3-9474-1A3956D46DE8}") = "Server", "Server", "{E75E6A4C-702F-44D1-87CB-0B3A735B201C}"
EndProject
Project("{2150E333-8FDC-42A3-9474-1A3956D46DE8}") = "Share", "Share", "{164CE6D9-AB71-4EB2-85B6-A0AED70BC5AB}"
EndProject
Project("{2150E333-8FDC-42A3-9474-1A3956D46DE8}") = "Client", "Client", "{EEE31849-D1E4-47CA-BAB5-A4891D76F735}"
EndProject
Project("{8BC9CEB8-8B4A-11D0-8D11-00A0C91BC942}") = "JIGAPClient", "JIGAPClient\JIGAPClient.vcxproj", "{BAE9C8DE-3024-4040-A6A5-5B9FA51B95A5}"
EndProject
Project("{8BC9CEB8-8B4A-11D0-8D11-00A0C91BC942}") = "JIGAPClientCLR", "JIGAPClientCLR\JIGAPClientCLR.vcxproj", "{577BBE6F-7E33-4302-B0EC-CF30D064D4F2}"
EndProject
Project("{FAE04EC0-301F-11D3-BF4B-00C04F79EFBC}") = "JIGAPClientGUI", "JIGAPClientGUI\JIGAPClientGUI.csproj", "{3AEDCA31-74B7-4DD7-8F40-876B3A3658B8}"
EndProject
Project("{FAE04EC0-301F-11D3-BF4B-00C04F79EFBC}") = "JIGAPClientDXGUI", "JIGAPClientDXGUI\JIGAPClientDXGUI.csproj", "{E944187B-A758-4AB7-A315-05BC25B628EF}"
EndProject
Global
	GlobalSection(SolutionConfigurationPlatforms) = preSolution
		Debug|Any CPU = Debug|Any CPU
		Debug|x64 = Debug|x64
		Debug|x86 = Debug|x86
		Release|Any CPU = Release|Any CPU
		Release|x64 = Release|x64
		Release|x86 = Release|x86
	EndGlobalSection
	GlobalSection(ProjectConfigurationPlatforms) = postSolution
		{9CF58C5C-A4D4-4F84-A8E1-8F92D9C8B29B}.Debug|Any CPU.ActiveCfg = Debug|x64
		{9CF58C5C-A4D4-4F84-A8E1-8F92D9C8B29B}.Debug|x64.ActiveCfg = Debug|x64
		{9CF58C5C-A4D4-4F84-A8E1-8F92D9C8B29B}.Debug|x64.Build.0 = Debug|x64
		{9CF58C5C-A4D4-4F84-A8E1-8F92D9C8B29B}.Debug|x86.ActiveCfg = Debug|Win32
		{9CF58C5C-A4D4-4F84-A8E1-8F92D9C8B29B}.Debug|x86.Build.0 = Debug|Win32
		{9CF58C5C-A4D4-4F84-A8E1-8F92D9C8B29B}.Release|Any CPU.ActiveCfg = Release|Win32
		{9CF58C5C-A4D4-4F84-A8E1-8F92D9C8B29B}.Release|x64.ActiveCfg = Release|x64
		{9CF58C5C-A4D4-4F84-A8E1-8F92D9C8B29B}.Release|x64.Build.0 = Release|x64
		{9CF58C5C-A4D4-4F84-A8E1-8F92D9C8B29B}.Release|x86.ActiveCfg = Release|Win32
		{9CF58C5C-A4D4-4F84-A8E1-8F92D9C8B29B}.Release|x86.Build.0 = Release|Win32
		{7932ACA1-6962-4B2B-BC0D-03CACA24CC3A}.Debug|Any CPU.ActiveCfg = Debug|x64
		{7932ACA1-6962-4B2B-BC0D-03CACA24CC3A}.Debug|x64.ActiveCfg = Debug|x64
		{7932ACA1-6962-4B2B-BC0D-03CACA24CC3A}.Debug|x64.Build.0 = Debug|x64
		{7932ACA1-6962-4B2B-BC0D-03CACA24CC3A}.Debug|x86.ActiveCfg = Debug|Win32
		{7932ACA1-6962-4B2B-BC0D-03CACA24CC3A}.Debug|x86.Build.0 = Debug|Win32
		{7932ACA1-6962-4B2B-BC0D-03CACA24CC3A}.Release|Any CPU.ActiveCfg = Release|Win32
		{7932ACA1-6962-4B2B-BC0D-03CACA24CC3A}.Release|x64.ActiveCfg = Release|x64
		{7932ACA1-6962-4B2B-BC0D-03CACA24CC3A}.Release|x64.Build.0 = Release|x64
		{7932ACA1-6962-4B2B-BC0D-03CACA24CC3A}.Release|x86.ActiveCfg = Release|Win32
		{7932ACA1-6962-4B2B-BC0D-03CACA24CC3A}.Release|x86.Build.0 = Release|Win32
		{5F030E8D-984A-4303-B7D4-F742DAEEA5CB}.Debug|Any CPU.ActiveCfg = Debug|Any CPU
		{5F030E8D-984A-4303-B7D4-F742DAEEA5CB}.Debug|Any CPU.Build.0 = Debug|Any CPU
		{5F030E8D-984A-4303-B7D4-F742DAEEA5CB}.Debug|x64.ActiveCfg = Debug|x64
		{5F030E8D-984A-4303-B7D4-F742DAEEA5CB}.Debug|x64.Build.0 = Debug|x64
		{5F030E8D-984A-4303-B7D4-F742DAEEA5CB}.Debug|x86.ActiveCfg = Debug|Any CPU
		{5F030E8D-984A-4303-B7D4-F742DAEEA5CB}.Debug|x86.Build.0 = Debug|Any CPU
		{5F030E8D-984A-4303-B7D4-F742DAEEA5CB}.Release|Any CPU.ActiveCfg = Release|Any CPU
		{5F030E8D-984A-4303-B7D4-F742DAEEA5CB}.Release|Any CPU.Build.0 = Release|Any CPU
		{5F030E8D-984A-4303-B7D4-F742DAEEA5CB}.Release|x64.ActiveCfg = Release|Any CPU
		{5F030E8D-984A-4303-B7D4-F742DAEEA5CB}.Release|x64.Build.0 = Release|Any CPU
		{5F030E8D-984A-4303-B7D4-F742DAEEA5CB}.Release|x86.ActiveCfg = Release|Any CPU
		{5F030E8D-984A-4303-B7D4-F742DAEEA5CB}.Release|x86.Build.0 = Release|Any CPU
		{C76888B1-FBDD-493A-8D3B-7F27B99C3136}.Debug|Any CPU.ActiveCfg = Debug|Win32
		{C76888B1-FBDD-493A-8D3B-7F27B99C3136}.Debug|x64.ActiveCfg = Debug|x64
		{C76888B1-FBDD-493A-8D3B-7F27B99C3136}.Debug|x64.Build.0 = Debug|x64
		{C76888B1-FBDD-493A-8D3B-7F27B99C3136}.Debug|x86.ActiveCfg = Debug|Win32
		{C76888B1-FBDD-493A-8D3B-7F27B99C3136}.Debug|x86.Build.0 = Debug|Win32
		{C76888B1-FBDD-493A-8D3B-7F27B99C3136}.Release|Any CPU.ActiveCfg = Release|Win32
		{C76888B1-FBDD-493A-8D3B-7F27B99C3136}.Release|x64.ActiveCfg = Release|x64
		{C76888B1-FBDD-493A-8D3B-7F27B99C3136}.Release|x64.Build.0 = Release|x64
		{C76888B1-FBDD-493A-8D3B-7F27B99C3136}.Release|x86.ActiveCfg = Release|Win32
		{C76888B1-FBDD-493A-8D3B-7F27B99C3136}.Release|x86.Build.0 = Release|Win32
		{BAE9C8DE-3024-4040-A6A5-5B9FA51B95A5}.Debug|Any CPU.ActiveCfg = Debug|x64
		{BAE9C8DE-3024-4040-A6A5-5B9FA51B95A5}.Debug|Any CPU.Build.0 = Debug|x64
		{BAE9C8DE-3024-4040-A6A5-5B9FA51B95A5}.Debug|x64.ActiveCfg = Debug|x64
		{BAE9C8DE-3024-4040-A6A5-5B9FA51B95A5}.Debug|x64.Build.0 = Debug|x64
		{BAE9C8DE-3024-4040-A6A5-5B9FA51B95A5}.Debug|x86.ActiveCfg = Debug|Win32
		{BAE9C8DE-3024-4040-A6A5-5B9FA51B95A5}.Debug|x86.Build.0 = Debug|Win32
		{BAE9C8DE-3024-4040-A6A5-5B9FA51B95A5}.Release|Any CPU.ActiveCfg = Release|Win32
		{BAE9C8DE-3024-4040-A6A5-5B9FA51B95A5}.Release|x64.ActiveCfg = Release|x64
		{BAE9C8DE-3024-4040-A6A5-5B9FA51B95A5}.Release|x64.Build.0 = Release|x64
		{BAE9C8DE-3024-4040-A6A5-5B9FA51B95A5}.Release|x86.ActiveCfg = Release|Win32
		{BAE9C8DE-3024-4040-A6A5-5B9FA51B95A5}.Release|x86.Build.0 = Release|Win32
		{577BBE6F-7E33-4302-B0EC-CF30D064D4F2}.Debug|Any CPU.ActiveCfg = Debug|x64
		{577BBE6F-7E33-4302-B0EC-CF30D064D4F2}.Debug|Any CPU.Build.0 = Debug|x64
		{577BBE6F-7E33-4302-B0EC-CF30D064D4F2}.Debug|x64.ActiveCfg = Debug|x64
		{577BBE6F-7E33-4302-B0EC-CF30D064D4F2}.Debug|x64.Build.0 = Debug|x64
		{577BBE6F-7E33-4302-B0EC-CF30D064D4F2}.Debug|x86.ActiveCfg = Debug|Win32
		{577BBE6F-7E33-4302-B0EC-CF30D064D4F2}.Debug|x86.Build.0 = Debug|Win32
		{577BBE6F-7E33-4302-B0EC-CF30D064D4F2}.Release|Any CPU.ActiveCfg = Release|Win32
		{577BBE6F-7E33-4302-B0EC-CF30D064D4F2}.Release|x64.ActiveCfg = Release|x64
		{577BBE6F-7E33-4302-B0EC-CF30D064D4F2}.Release|x64.Build.0 = Release|x64
		{577BBE6F-7E33-4302-B0EC-CF30D064D4F2}.Release|x86.ActiveCfg = Release|Win32
		{577BBE6F-7E33-4302-B0EC-CF30D064D4F2}.Release|x86.Build.0 = Release|Win32
		{3AEDCA31-74B7-4DD7-8F40-876B3A3658B8}.Debug|Any CPU.ActiveCfg = Debug|Any CPU
		{3AEDCA31-74B7-4DD7-8F40-876B3A3658B8}.Debug|Any CPU.Build.0 = Debug|Any CPU
		{3AEDCA31-74B7-4DD7-8F40-876B3A3658B8}.Debug|x64.ActiveCfg = Debug|Any CPU
		{3AEDCA31-74B7-4DD7-8F40-876B3A3658B8}.Debug|x86.ActiveCfg = Debug|Any CPU
		{3AEDCA31-74B7-4DD7-8F40-876B3A3658B8}.Debug|x86.Build.0 = Debug|Any CPU
		{3AEDCA31-74B7-4DD7-8F40-876B3A3658B8}.Release|Any CPU.ActiveCfg = Release|Any CPU
		{3AEDCA31-74B7-4DD7-8F40-876B3A3658B8}.Release|Any CPU.Build.0 = Release|Any CPU
		{3AEDCA31-74B7-4DD7-8F40-876B3A3658B8}.Release|x64.ActiveCfg = Release|Any CPU
		{3AEDCA31-74B7-4DD7-8F40-876B3A3658B8}.Release|x64.Build.0 = Release|Any CPU
		{3AEDCA31-74B7-4DD7-8F40-876B3A3658B8}.Release|x86.ActiveCfg = Release|Any CPU
		{3AEDCA31-74B7-4DD7-8F40-876B3A3658B8}.Release|x86.Build.0 = Release|Any CPU
		{E944187B-A758-4AB7-A315-05BC25B628EF}.Debug|Any CPU.ActiveCfg = Debug|x64
		{E944187B-A758-4AB7-A315-05BC25B628EF}.Debug|Any CPU.Build.0 = Debug|x64
		{E944187B-A758-4AB7-A315-05BC25B628EF}.Debug|x64.ActiveCfg = Debug|x64
		{E944187B-A758-4AB7-A315-05BC25B628EF}.Debug|x64.Build.0 = Debug|x64
		{E944187B-A758-4AB7-A315-05BC25B628EF}.Debug|x86.ActiveCfg = Debug|Any CPU
		{E944187B-A758-4AB7-A315-05BC25B628EF}.Debug|x86.Build.0 = Debug|Any CPU
		{E944187B-A758-4AB7-A315-05BC25B628EF}.Release|Any CPU.ActiveCfg = Release|Any CPU
		{E944187B-A758-4AB7-A315-05BC25B628EF}.Release|Any CPU.Build.0 = Release|Any CPU
		{E944187B-A758-4AB7-A315-05BC25B628EF}.Release|x64.ActiveCfg = Release|Any CPU
		{E944187B-A758-4AB7-A315-05BC25B628EF}.Release|x64.Build.0 = Release|Any CPU
		{E944187B-A758-4AB7-A315-05BC25B628EF}.Release|x86.ActiveCfg = Release|Any CPU
		{E944187B-A758-4AB7-A315-05BC25B628EF}.Release|x86.Build.0 = Release|Any CPU
	EndGlobalSection
	GlobalSection(SolutionProperties) = preSolution
		HideSolutionNode = FALSE
	EndGlobalSection
	GlobalSection(NestedProjects) = preSolution
		{9CF58C5C-A4D4-4F84-A8E1-8F92D9C8B29B} = {E75E6A4C-702F-44D1-87CB-0B3A735B201C}
		{7932ACA1-6962-4B2B-BC0D-03CACA24CC3A} = {E75E6A4C-702F-44D1-87CB-0B3A735B201C}
		{5F030E8D-984A-4303-B7D4-F742DAEEA5CB} = {E75E6A4C-702F-44D1-87CB-0B3A735B201C}
		{C76888B1-FBDD-493A-8D3B-7F27B99C3136} = {164CE6D9-AB71-4EB2-85B6-A0AED70BC5AB}
		{BAE9C8DE-3024-4040-A6A5-5B9FA51B95A5} = {EEE31849-D1E4-47CA-BAB5-A4891D76F735}
		{577BBE6F-7E33-4302-B0EC-CF30D064D4F2} = {EEE31849-D1E4-47CA-BAB5-A4891D76F735}
		{3AEDCA31-74B7-4DD7-8F40-876B3A3658B8} = {EEE31849-D1E4-47CA-BAB5-A4891D76F735}
		{E944187B-A758-4AB7-A315-05BC25B628EF} = {EEE31849-D1E4-47CA-BAB5-A4891D76F735}
	EndGlobalSection
	GlobalSection(ExtensibilityGlobals) = postSolution
		SolutionGuid = {3A701D09-0CB5-4E8C-A24E-43217C84E3AD}
	EndGlobalSection
EndGlobal
