
Microsoft Visual Studio Solution File, Format Version 12.00
# Visual Studio Version 16
VisualStudioVersion = 16.0.28729.10
MinimumVisualStudioVersion = 10.0.40219.1
Project("{8BC9CEB8-8B4A-11D0-8D11-00A0C91BC942}") = "JIGAPServer", "JIGAPServer\JIGAPServer.vcxproj", "{9CF58C5C-A4D4-4F84-A8E1-8F92D9C8B29B}"
EndProject
Project("{8BC9CEB8-8B4A-11D0-8D11-00A0C91BC942}") = "JIGAPServerCLR", "JIGAPServerCLR\JIGAPServerCLR.vcxproj", "{7932ACA1-6962-4B2B-BC0D-03CACA24CC3A}"
EndProject
Project("{FAE04EC0-301F-11D3-BF4B-00C04F79EFBC}") = "JIGAPServerGUI", "JIGAPServerGUI\JIGAPServerGUI.csproj", "{5F030E8D-984A-4303-B7D4-F742DAEEA5CB}"
EndProject
Project("{2150E333-8FDC-42A3-9474-1A3956D46DE8}") = "Server", "Server", "{E75E6A4C-702F-44D1-87CB-0B3A735B201C}"
EndProject
Project("{2150E333-8FDC-42A3-9474-1A3956D46DE8}") = "Client", "Client", "{EEE31849-D1E4-47CA-BAB5-A4891D76F735}"
EndProject
Project("{FAE04EC0-301F-11D3-BF4B-00C04F79EFBC}") = "JIGAPClientDXGUI", "JIGAPClientDXGUI\JIGAPClientDXGUI.csproj", "{E944187B-A758-4AB7-A315-05BC25B628EF}"
EndProject
Global
	GlobalSection(SolutionConfigurationPlatforms) = preSolution
		Debug|Any CPU = Debug|Any CPU
		Debug|ARM = Debug|ARM
		Debug|x64 = Debug|x64
		Debug|x86 = Debug|x86
		Release|Any CPU = Release|Any CPU
		Release|ARM = Release|ARM
		Release|x64 = Release|x64
		Release|x86 = Release|x86
	EndGlobalSection
	GlobalSection(ProjectConfigurationPlatforms) = postSolution
		{9CF58C5C-A4D4-4F84-A8E1-8F92D9C8B29B}.Debug|Any CPU.ActiveCfg = Debug|x64
		{9CF58C5C-A4D4-4F84-A8E1-8F92D9C8B29B}.Debug|Any CPU.Build.0 = Debug|x64
		{9CF58C5C-A4D4-4F84-A8E1-8F92D9C8B29B}.Debug|ARM.ActiveCfg = Debug|Win32
		{9CF58C5C-A4D4-4F84-A8E1-8F92D9C8B29B}.Debug|ARM.Build.0 = Debug|Win32
		{9CF58C5C-A4D4-4F84-A8E1-8F92D9C8B29B}.Debug|x64.ActiveCfg = Debug|x64
		{9CF58C5C-A4D4-4F84-A8E1-8F92D9C8B29B}.Debug|x64.Build.0 = Debug|x64
		{9CF58C5C-A4D4-4F84-A8E1-8F92D9C8B29B}.Debug|x86.ActiveCfg = Debug|Win32
		{9CF58C5C-A4D4-4F84-A8E1-8F92D9C8B29B}.Debug|x86.Build.0 = Debug|Win32
		{9CF58C5C-A4D4-4F84-A8E1-8F92D9C8B29B}.Release|Any CPU.ActiveCfg = Release|Win32
		{9CF58C5C-A4D4-4F84-A8E1-8F92D9C8B29B}.Release|ARM.ActiveCfg = Release|ARM
		{9CF58C5C-A4D4-4F84-A8E1-8F92D9C8B29B}.Release|ARM.Build.0 = Release|ARM
		{9CF58C5C-A4D4-4F84-A8E1-8F92D9C8B29B}.Release|x64.ActiveCfg = Release|x64
		{9CF58C5C-A4D4-4F84-A8E1-8F92D9C8B29B}.Release|x64.Build.0 = Release|x64
		{9CF58C5C-A4D4-4F84-A8E1-8F92D9C8B29B}.Release|x86.ActiveCfg = Release|Win32
		{9CF58C5C-A4D4-4F84-A8E1-8F92D9C8B29B}.Release|x86.Build.0 = Release|Win32
		{7932ACA1-6962-4B2B-BC0D-03CACA24CC3A}.Debug|Any CPU.ActiveCfg = Debug|x64
		{7932ACA1-6962-4B2B-BC0D-03CACA24CC3A}.Debug|Any CPU.Build.0 = Debug|x64
		{7932ACA1-6962-4B2B-BC0D-03CACA24CC3A}.Debug|ARM.ActiveCfg = Debug|Win32
		{7932ACA1-6962-4B2B-BC0D-03CACA24CC3A}.Debug|x64.ActiveCfg = Debug|x64
		{7932ACA1-6962-4B2B-BC0D-03CACA24CC3A}.Debug|x64.Build.0 = Debug|x64
		{7932ACA1-6962-4B2B-BC0D-03CACA24CC3A}.Debug|x86.ActiveCfg = Debug|Win32
		{7932ACA1-6962-4B2B-BC0D-03CACA24CC3A}.Debug|x86.Build.0 = Debug|Win32
		{7932ACA1-6962-4B2B-BC0D-03CACA24CC3A}.Release|Any CPU.ActiveCfg = Release|Win32
		{7932ACA1-6962-4B2B-BC0D-03CACA24CC3A}.Release|ARM.ActiveCfg = Release|Win32
		{7932ACA1-6962-4B2B-BC0D-03CACA24CC3A}.Release|x64.ActiveCfg = Release|x64
		{7932ACA1-6962-4B2B-BC0D-03CACA24CC3A}.Release|x64.Build.0 = Release|x64
		{7932ACA1-6962-4B2B-BC0D-03CACA24CC3A}.Release|x86.ActiveCfg = Release|Win32
		{7932ACA1-6962-4B2B-BC0D-03CACA24CC3A}.Release|x86.Build.0 = Release|Win32
		{5F030E8D-984A-4303-B7D4-F742DAEEA5CB}.Debug|Any CPU.ActiveCfg = Debug|x64
		{5F030E8D-984A-4303-B7D4-F742DAEEA5CB}.Debug|Any CPU.Build.0 = Debug|x64
		{5F030E8D-984A-4303-B7D4-F742DAEEA5CB}.Debug|ARM.ActiveCfg = Debug|x86
		{5F030E8D-984A-4303-B7D4-F742DAEEA5CB}.Debug|ARM.Build.0 = Debug|x86
		{5F030E8D-984A-4303-B7D4-F742DAEEA5CB}.Debug|x64.ActiveCfg = Debug|x64
		{5F030E8D-984A-4303-B7D4-F742DAEEA5CB}.Debug|x64.Build.0 = Debug|x64
		{5F030E8D-984A-4303-B7D4-F742DAEEA5CB}.Debug|x86.ActiveCfg = Debug|Any CPU
		{5F030E8D-984A-4303-B7D4-F742DAEEA5CB}.Debug|x86.Build.0 = Debug|Any CPU
		{5F030E8D-984A-4303-B7D4-F742DAEEA5CB}.Release|Any CPU.ActiveCfg = Release|Any CPU
		{5F030E8D-984A-4303-B7D4-F742DAEEA5CB}.Release|Any CPU.Build.0 = Release|Any CPU
		{5F030E8D-984A-4303-B7D4-F742DAEEA5CB}.Release|ARM.ActiveCfg = Release|Any CPU
		{5F030E8D-984A-4303-B7D4-F742DAEEA5CB}.Release|ARM.Build.0 = Release|Any CPU
		{5F030E8D-984A-4303-B7D4-F742DAEEA5CB}.Release|x64.ActiveCfg = Release|x64
		{5F030E8D-984A-4303-B7D4-F742DAEEA5CB}.Release|x64.Build.0 = Release|x64
		{5F030E8D-984A-4303-B7D4-F742DAEEA5CB}.Release|x86.ActiveCfg = Release|Any CPU
		{5F030E8D-984A-4303-B7D4-F742DAEEA5CB}.Release|x86.Build.0 = Release|Any CPU
		{E944187B-A758-4AB7-A315-05BC25B628EF}.Debug|Any CPU.ActiveCfg = Debug|x64
		{E944187B-A758-4AB7-A315-05BC25B628EF}.Debug|Any CPU.Build.0 = Debug|x64
		{E944187B-A758-4AB7-A315-05BC25B628EF}.Debug|ARM.ActiveCfg = Debug|x86
		{E944187B-A758-4AB7-A315-05BC25B628EF}.Debug|ARM.Build.0 = Debug|x86
		{E944187B-A758-4AB7-A315-05BC25B628EF}.Debug|x64.ActiveCfg = Debug|x64
		{E944187B-A758-4AB7-A315-05BC25B628EF}.Debug|x64.Build.0 = Debug|x64
		{E944187B-A758-4AB7-A315-05BC25B628EF}.Debug|x86.ActiveCfg = Debug|x86
		{E944187B-A758-4AB7-A315-05BC25B628EF}.Debug|x86.Build.0 = Debug|x86
		{E944187B-A758-4AB7-A315-05BC25B628EF}.Release|Any CPU.ActiveCfg = Release|Any CPU
		{E944187B-A758-4AB7-A315-05BC25B628EF}.Release|Any CPU.Build.0 = Release|Any CPU
		{E944187B-A758-4AB7-A315-05BC25B628EF}.Release|ARM.ActiveCfg = Release|Any CPU
		{E944187B-A758-4AB7-A315-05BC25B628EF}.Release|ARM.Build.0 = Release|Any CPU
		{E944187B-A758-4AB7-A315-05BC25B628EF}.Release|x64.ActiveCfg = Release|x64
		{E944187B-A758-4AB7-A315-05BC25B628EF}.Release|x64.Build.0 = Release|x64
		{E944187B-A758-4AB7-A315-05BC25B628EF}.Release|x86.ActiveCfg = Release|Any CPU
		{E944187B-A758-4AB7-A315-05BC25B628EF}.Release|x86.Build.0 = Release|Any CPU
	EndGlobalSection
	GlobalSection(SolutionProperties) = preSolution
		HideSolutionNode = FALSE
	EndGlobalSection
	GlobalSection(NestedProjects) = preSolution
		{9CF58C5C-A4D4-4F84-A8E1-8F92D9C8B29B} = {E75E6A4C-702F-44D1-87CB-0B3A735B201C}
		{7932ACA1-6962-4B2B-BC0D-03CACA24CC3A} = {E75E6A4C-702F-44D1-87CB-0B3A735B201C}
		{5F030E8D-984A-4303-B7D4-F742DAEEA5CB} = {E75E6A4C-702F-44D1-87CB-0B3A735B201C}
		{E944187B-A758-4AB7-A315-05BC25B628EF} = {EEE31849-D1E4-47CA-BAB5-A4891D76F735}
	EndGlobalSection
	GlobalSection(ExtensibilityGlobals) = postSolution
		SolutionGuid = {3A701D09-0CB5-4E8C-A24E-43217C84E3AD}
	EndGlobalSection
EndGlobal
