<?xml version="1.0" encoding="utf-8"?>
<Project ToolsVersion="4.0" xmlns="http://schemas.microsoft.com/developer/msbuild/2003">
  <ItemGroup>
    <Filter Include="pch">
      <UniqueIdentifier>{d352cc8c-5019-45b1-93f1-ba6c2e62cce6}</UniqueIdentifier>
    </Filter>
    <Filter Include="JIGAPStructure">
      <UniqueIdentifier>{e91c6060-7b09-4afd-9ddf-845581e5ef72}</UniqueIdentifier>
    </Filter>
    <Filter Include="JIGAPPacket">
      <UniqueIdentifier>{349828a8-5786-43d5-a203-224772243bec}</UniqueIdentifier>
    </Filter>
    <Filter Include="ServerEngine">
      <UniqueIdentifier>{94f6c50d-9cdd-4d14-8b61-680116fc4a9c}</UniqueIdentifier>
    </Filter>
    <Filter Include="ServerEngine\Entity">
      <UniqueIdentifier>{0546293e-1b62-481f-ab3f-b7bcad857af8}</UniqueIdentifier>
    </Filter>
    <Filter Include="ServerEngine\Entity\SocketAddress">
      <UniqueIdentifier>{713ca061-bf47-4954-81c8-47d5957a7249}</UniqueIdentifier>
    </Filter>
    <Filter Include="ServerEngine\Entity\PacketHandler">
      <UniqueIdentifier>{f2d16b62-5fb9-478e-bac2-dce6b7d6177b}</UniqueIdentifier>
    </Filter>
    <Filter Include="ServerEngine\Entity\ObjectPool">
      <UniqueIdentifier>{57ae3b7c-9238-4ae9-88a5-26df5bf5a69d}</UniqueIdentifier>
    </Filter>
    <Filter Include="ServerEngine\Entity\TCPIOData">
      <UniqueIdentifier>{74db9ee6-f4d9-4a4b-946c-e884795edcde}</UniqueIdentifier>
    </Filter>
    <Filter Include="ServerEngine\Entity\TCPSocket">
      <UniqueIdentifier>{41945770-95a3-4c02-bcd2-d7720c6abb6e}</UniqueIdentifier>
    </Filter>
    <Filter Include="ServerEngine\Mananger">
      <UniqueIdentifier>{969dd818-1f61-46fb-b742-ccc9d4dcdc5f}</UniqueIdentifier>
    </Filter>
    <Filter Include="ServerEngine\Admin">
      <UniqueIdentifier>{f80601b6-03c5-464e-9353-603dbb642acc}</UniqueIdentifier>
    </Filter>
    <Filter Include="ServerEngine\Admin\UserAdmin">
      <UniqueIdentifier>{a8a3551d-395f-4442-8d32-a2e1199555c0}</UniqueIdentifier>
    </Filter>
    <Filter Include="ServerEngine\Entity\BaseUserData">
      <UniqueIdentifier>{4abc8bc7-8ba3-4066-a869-d355481a1c69}</UniqueIdentifier>
    </Filter>
    <Filter Include="JIGAPChattingServer">
      <UniqueIdentifier>{5e6b3633-9de9-4fb9-a1b0-2cf4f1841b59}</UniqueIdentifier>
    </Filter>
    <Filter Include="ServerEngine\JIGAPBaserProcess">
      <UniqueIdentifier>{b2a00a1f-6bc7-4052-9a8c-f83d969ab00b}</UniqueIdentifier>
    </Filter>
    <Filter Include="JIGAPChattingServer\JIGAPChatProcess">
      <UniqueIdentifier>{851ce47c-dc9d-4402-a12d-aef40f231dc1}</UniqueIdentifier>
    </Filter>
    <Filter Include="JIGAPServer">
      <UniqueIdentifier>{ee04ffd7-2af6-4578-8293-2a5cbbe36c39}</UniqueIdentifier>
    </Filter>
    <Filter Include="JIGAPChattingServer\ChatRoom">
      <UniqueIdentifier>{a6f2e9ca-4374-4b0f-a5e6-d90e92a2ed0c}</UniqueIdentifier>
    </Filter>
    <Filter Include="ServerEngine\Entity\PoolObject">
      <UniqueIdentifier>{24d77cb2-26f2-467e-b9e8-08566ad2e265}</UniqueIdentifier>
    </Filter>
    <Filter Include="ServerEngine\BaseDB">
      <UniqueIdentifier>{55dcdca2-07cd-4743-89b5-9c4d2cb2627e}</UniqueIdentifier>
    </Filter>
    <Filter Include="ServerEngine\MySqlDB">
      <UniqueIdentifier>{6e501eaa-dcda-4f4a-955b-23d887b5e83c}</UniqueIdentifier>
    </Filter>
    <Filter Include="JIGAPChattingServer\ChatQuery">
      <UniqueIdentifier>{dc32d7a8-2e6d-481c-8289-008a16593234}</UniqueIdentifier>
    </Filter>
    <Filter Include="ServerEngine\BaseQuery">
      <UniqueIdentifier>{9c6ff740-e76a-4e1a-848b-d18d8ca10daa}</UniqueIdentifier>
    </Filter>
    <Filter Include="JIGAPChattingServer\ChatUserData">
      <UniqueIdentifier>{88063311-fc21-4392-bca8-958f22bcb832}</UniqueIdentifier>
    </Filter>
    <Filter Include="JIGAPChattingServer\ChatRoomAdmin">
      <UniqueIdentifier>{f5656c0c-e067-479f-8530-2e74d745329b}</UniqueIdentifier>
    </Filter>
    <Filter Include="ServerEngine\IniReader">
      <UniqueIdentifier>{512a0bb8-f651-4fb4-a084-649587c6458a}</UniqueIdentifier>
    </Filter>
    <Filter Include="ServerEngine\iniWriter">
      <UniqueIdentifier>{11e0d005-4a11-4506-abf1-e342b4ff1438}</UniqueIdentifier>
    </Filter>
    <Filter Include="ExceptionLoger">
      <UniqueIdentifier>{fc9e2676-2049-4c3a-a283-f07ef342186e}</UniqueIdentifier>
    </Filter>
  </ItemGroup>
  <ItemGroup>
    <ClInclude Include="pch.h">
      <Filter>pch</Filter>
    </ClInclude>
    <ClInclude Include="JIGAPStructure.h">
      <Filter>JIGAPStructure</Filter>
    </ClInclude>
    <ClInclude Include="PacketHandler.h">
      <Filter>ServerEngine\Entity\PacketHandler</Filter>
    </ClInclude>
    <ClInclude Include="SocketAddress.h">
      <Filter>ServerEngine\Entity\SocketAddress</Filter>
    </ClInclude>
    <ClInclude Include="TCPSocket.h">
      <Filter>ServerEngine\Entity\TCPSocket</Filter>
    </ClInclude>
    <ClInclude Include="TCPIOData.h">
      <Filter>ServerEngine\Entity\TCPIOData</Filter>
    </ClInclude>
    <ClInclude Include="JIGAPServer.h">
      <Filter>JIGAPServer</Filter>
    </ClInclude>
    <ClInclude Include="ObjectPool.h">
      <Filter>ServerEngine\Entity\ObjectPool</Filter>
    </ClInclude>
    <ClInclude Include="singleton.h">
      <Filter>ServerEngine\Mananger</Filter>
    </ClInclude>
    <ClInclude Include="UserDataAdmin.h">
      <Filter>ServerEngine\Admin\UserAdmin</Filter>
    </ClInclude>
    <ClInclude Include="BaseUserData.h">
      <Filter>ServerEngine\Entity\BaseUserData</Filter>
    </ClInclude>
    <ClInclude Include="ChatUserData.h">
      <Filter>JIGAPChattingServer\ChatUserData</Filter>
    </ClInclude>
    <ClInclude Include="JIGAPBaserProcess.h">
      <Filter>ServerEngine\JIGAPBaserProcess</Filter>
    </ClInclude>
    <ClInclude Include="JIGAPChatProcess.h">
      <Filter>JIGAPChattingServer\JIGAPChatProcess</Filter>
    </ClInclude>
    <ClInclude Include="ChatRoom.h">
      <Filter>JIGAPChattingServer\ChatRoom</Filter>
    </ClInclude>
    <ClInclude Include="PoolObject.h">
      <Filter>ServerEngine\Entity\PoolObject</Filter>
    </ClInclude>
    <ClInclude Include="BaseDB.h">
      <Filter>ServerEngine\BaseDB</Filter>
    </ClInclude>
    <ClInclude Include="MySqlDB.h">
      <Filter>ServerEngine\MySqlDB</Filter>
    </ClInclude>
    <ClInclude Include="BaseQuery.h">
      <Filter>ServerEngine\BaseQuery</Filter>
    </ClInclude>
    <ClInclude Include="ChatQuery.h">
      <Filter>JIGAPChattingServer\ChatQuery</Filter>
    </ClInclude>
    <ClInclude Include="ChatRoomAdmin.h">
      <Filter>JIGAPChattingServer\ChatRoomAdmin</Filter>
    </ClInclude>
    <ClInclude Include="JIGAPPacket.pb.h">
      <Filter>JIGAPPacket</Filter>
    </ClInclude>
    <ClInclude Include="iniReader.h">
      <Filter>ServerEngine\IniReader</Filter>
    </ClInclude>
    <ClInclude Include="iniWriter.h">
      <Filter>ServerEngine\iniWriter</Filter>
    </ClInclude>
    <ClInclude Include="ExceptionLoger.h">
      <Filter>ExceptionLoger</Filter>
    </ClInclude>
  </ItemGroup>
  <ItemGroup>
    <ClCompile Include="pch.cpp">
      <Filter>pch</Filter>
    </ClCompile>
    <ClCompile Include="JIGAPStructure.cpp">
      <Filter>JIGAPStructure</Filter>
    </ClCompile>
    <ClCompile Include="PacketHandler.cpp">
      <Filter>ServerEngine\Entity\PacketHandler</Filter>
    </ClCompile>
    <ClCompile Include="SocketAddress.cpp">
      <Filter>ServerEngine\Entity\SocketAddress</Filter>
    </ClCompile>
    <ClCompile Include="TCPSocket.cpp">
      <Filter>ServerEngine\Entity\TCPSocket</Filter>
    </ClCompile>
    <ClCompile Include="TCPIOData.cpp">
      <Filter>ServerEngine\Entity\TCPIOData</Filter>
    </ClCompile>
    <ClCompile Include="JIGAPServer.cpp">
      <Filter>JIGAPServer</Filter>
    </ClCompile>
    <ClCompile Include="ObjectPool.cpp">
      <Filter>ServerEngine\Entity\ObjectPool</Filter>
    </ClCompile>
    <ClCompile Include="UserDataAdmin.cpp">
      <Filter>ServerEngine\Admin\UserAdmin</Filter>
    </ClCompile>
    <ClCompile Include="BaseUserData.cpp">
      <Filter>ServerEngine\Entity\BaseUserData</Filter>
    </ClCompile>
    <ClCompile Include="ChatUserData.cpp">
      <Filter>JIGAPChattingServer\ChatUserData</Filter>
    </ClCompile>
    <ClCompile Include="JIGAPBaserProcess.cpp">
      <Filter>ServerEngine\JIGAPBaserProcess</Filter>
    </ClCompile>
    <ClCompile Include="JIGAPChatProcess.cpp">
      <Filter>JIGAPChattingServer\JIGAPChatProcess</Filter>
    </ClCompile>
    <ClCompile Include="ChatRoom.cpp">
      <Filter>JIGAPChattingServer\ChatRoom</Filter>
    </ClCompile>
    <ClCompile Include="PoolObject.cpp">
      <Filter>ServerEngine\Entity\PoolObject</Filter>
    </ClCompile>
    <ClCompile Include="BaseDB.cpp">
      <Filter>ServerEngine\BaseDB</Filter>
    </ClCompile>
    <ClCompile Include="MySqlDB.cpp">
      <Filter>ServerEngine\MySqlDB</Filter>
    </ClCompile>
    <ClCompile Include="BaseQuery.cpp">
      <Filter>ServerEngine\BaseQuery</Filter>
    </ClCompile>
    <ClCompile Include="ChatQuery.cpp">
      <Filter>JIGAPChattingServer\ChatQuery</Filter>
    </ClCompile>
    <ClCompile Include="ChatRoomAdmin.cpp">
      <Filter>JIGAPChattingServer\ChatRoomAdmin</Filter>
    </ClCompile>
    <ClCompile Include="JIGAPPacket.pb.cc">
      <Filter>JIGAPPacket</Filter>
    </ClCompile>
    <ClCompile Include="iniReader.cpp">
      <Filter>ServerEngine\IniReader</Filter>
    </ClCompile>
    <ClCompile Include="iniWriter.cpp">
      <Filter>ServerEngine\iniWriter</Filter>
    </ClCompile>
    <ClCompile Include="ExceptionLoger.cpp">
      <Filter>ExceptionLoger</Filter>
    </ClCompile>
  </ItemGroup>
</Project>