<?xml version="1.0" encoding="utf-8"?>
<Project ToolsVersion="4.0" xmlns="http://schemas.microsoft.com/developer/msbuild/2003">
  <ItemGroup>
    <Filter Include="pch">
      <UniqueIdentifier>{d352cc8c-5019-45b1-93f1-ba6c2e62cce6}</UniqueIdentifier>
    </Filter>
    <Filter Include="JIGAPStructure">
      <UniqueIdentifier>{e91c6060-7b09-4afd-9ddf-845581e5ef72}</UniqueIdentifier>
    </Filter>
    <Filter Include="JIGAPPacket">
      <UniqueIdentifier>{349828a8-5786-43d5-a203-224772243bec}</UniqueIdentifier>
    </Filter>
    <Filter Include="PacketHandler">
      <UniqueIdentifier>{f2d16b62-5fb9-478e-bac2-dce6b7d6177b}</UniqueIdentifier>
    </Filter>
    <Filter Include="SocketAddress">
      <UniqueIdentifier>{713ca061-bf47-4954-81c8-47d5957a7249}</UniqueIdentifier>
    </Filter>
    <Filter Include="TCPSocket">
      <UniqueIdentifier>{41945770-95a3-4c02-bcd2-d7720c6abb6e}</UniqueIdentifier>
    </Filter>
    <Filter Include="TCPIOData">
      <UniqueIdentifier>{74db9ee6-f4d9-4a4b-946c-e884795edcde}</UniqueIdentifier>
    </Filter>
    <Filter Include="ServerEngine">
      <UniqueIdentifier>{94f6c50d-9cdd-4d14-8b61-680116fc4a9c}</UniqueIdentifier>
    </Filter>
    <Filter Include="ServerEngine\JIGAPServer">
      <UniqueIdentifier>{ee04ffd7-2af6-4578-8293-2a5cbbe36c39}</UniqueIdentifier>
    </Filter>
    <Filter Include="ServerEngine\JIGAPServerBase">
      <UniqueIdentifier>{b2a00a1f-6bc7-4052-9a8c-f83d969ab00b}</UniqueIdentifier>
    </Filter>
    <Filter Include="ServerEngine\JIGAPServerChat">
      <UniqueIdentifier>{851ce47c-dc9d-4402-a12d-aef40f231dc1}</UniqueIdentifier>
    </Filter>
  </ItemGroup>
  <ItemGroup>
    <ClInclude Include="pch.h">
      <Filter>pch</Filter>
    </ClInclude>
    <ClInclude Include="JIGAPStructure.h">
      <Filter>JIGAPStructure</Filter>
    </ClInclude>
    <ClInclude Include="PacketHandler.h">
      <Filter>PacketHandler</Filter>
    </ClInclude>
    <ClInclude Include="SocketAddress.h">
      <Filter>SocketAddress</Filter>
    </ClInclude>
    <ClInclude Include="TCPSocket.h">
      <Filter>TCPSocket</Filter>
    </ClInclude>
    <ClInclude Include="TCPIOData.h">
      <Filter>TCPIOData</Filter>
    </ClInclude>
    <ClInclude Include="JIGAPPacket.pb.h">
      <Filter>JIGAPPacket</Filter>
    </ClInclude>
    <ClInclude Include="JIGAPServer.h">
      <Filter>ServerEngine\JIGAPServer</Filter>
    </ClInclude>
    <ClInclude Include="JIGAPServerBase.h">
      <Filter>ServerEngine\JIGAPServerBase</Filter>
    </ClInclude>
    <ClInclude Include="JIGAPServerChat.h">
      <Filter>ServerEngine\JIGAPServerChat</Filter>
    </ClInclude>
  </ItemGroup>
  <ItemGroup>
    <ClCompile Include="pch.cpp">
      <Filter>pch</Filter>
    </ClCompile>
    <ClCompile Include="JIGAPStructure.cpp">
      <Filter>JIGAPStructure</Filter>
    </ClCompile>
    <ClCompile Include="PacketHandler.cpp">
      <Filter>PacketHandler</Filter>
    </ClCompile>
    <ClCompile Include="SocketAddress.cpp">
      <Filter>SocketAddress</Filter>
    </ClCompile>
    <ClCompile Include="TCPSocket.cpp">
      <Filter>TCPSocket</Filter>
    </ClCompile>
    <ClCompile Include="TCPIOData.cpp">
      <Filter>TCPIOData</Filter>
    </ClCompile>
    <ClCompile Include="JIGAPPacket.pb.cc">
      <Filter>JIGAPPacket</Filter>
    </ClCompile>
    <ClCompile Include="JIGAPServer.cpp">
      <Filter>ServerEngine\JIGAPServer</Filter>
    </ClCompile>
    <ClCompile Include="JIGAPServerBase.cpp">
      <Filter>ServerEngine\JIGAPServerBase</Filter>
    </ClCompile>
    <ClCompile Include="JIGAPServerChat.cpp">
      <Filter>ServerEngine\JIGAPServerChat</Filter>
    </ClCompile>
  </ItemGroup>
</Project>